PODS:
  - Alamofire (5.4.2)
  - BetterSegmentedControl (2.0.1)
  - Realm (10.7.2):
    - Realm/Headers (= 10.7.2)
  - Realm/Headers (10.7.2)
  - RealmSwift (10.7.2):
    - Realm (= 10.7.2)
  - RxAlamofire (6.1.1):
    - RxAlamofire/Core (= 6.1.1)
  - RxAlamofire/Core (6.1.1):
    - Alamofire (~> 5.4)
    - RxSwift (~> 6.0)
  - RxBlocking (6.1.0):
    - RxSwift (= 6.1.0)
  - RxCocoa (6.1.0):
    - RxRelay (= 6.1.0)
    - RxSwift (= 6.1.0)
  - RxGesture (4.0.2):
    - RxCocoa (~> 6.0)
    - RxSwift (~> 6.0)
  - RxRealm (5.0.1):
    - Realm (~> 10.5)
    - RealmSwift (~> 10.5)
    - RxCocoa (~> 6.0)
    - RxSwift (~> 6.0)
  - RxRelay (6.1.0):
    - RxSwift (= 6.1.0)
  - RxSwift (6.1.0)
  - RxSwiftExt (6.0.1):
    - RxSwiftExt/Core (= 6.0.1)
    - RxSwiftExt/RxCocoa (= 6.0.1)
  - RxSwiftExt/Core (6.0.1):
    - RxSwift (~> 6.0)
  - RxSwiftExt/RxCocoa (6.0.1):
    - RxCocoa (~> 6.0)
    - RxSwiftExt/Core
  - RxTest (6.1.0):
    - RxSwift (= 6.1.0)
  - Swinject (2.7.1)
  - SwinjectStoryboard (2.2.0):
    - Swinject (~> 2.7.1)

DEPENDENCIES:
  - BetterSegmentedControl (~> 2.0)
  - RxAlamofire
  - RxBlocking (= 6.1.0)
  - RxCocoa (= 6.1.0)
  - RxGesture
  - RxRealm
  - RxSwift (= 6.1.0)
  - RxSwiftExt (~> 6)
  - RxTest (= 6.1.0)
  - Swinject (~> 2.7.1)
  - SwinjectStoryboard (from `https://github.com/Swinject/SwinjectStoryboard.git`, commit `0ca45c83a8aa398c153d8a036c95abb4343cfa0c`)

SPEC REPOS:
  trunk:
    - Alamofire
    - BetterSegmentedControl
    - Realm
    - RealmSwift
    - RxAlamofire
    - RxBlocking
    - RxCocoa
    - RxGesture
    - RxRealm
    - RxRelay
    - RxSwift
    - RxSwiftExt
    - RxTest
    - Swinject

EXTERNAL SOURCES:
  SwinjectStoryboard:
    :commit: 0ca45c83a8aa398c153d8a036c95abb4343cfa0c
    :git: https://github.com/Swinject/SwinjectStoryboard.git

CHECKOUT OPTIONS:
  SwinjectStoryboard:
    :commit: 0ca45c83a8aa398c153d8a036c95abb4343cfa0c
    :git: https://github.com/Swinject/SwinjectStoryboard.git

SPEC CHECKSUMS:
  Alamofire: bfbc4c2fe5909b1d94fb4ef2277c6b3727ef5dae
  BetterSegmentedControl: 09607b27861d49cbce48b7673b74f9150a3d371a
  Realm: e523da9ade306c5ae87e85dc09fdef148d3e1cc1
  RealmSwift: 4f6758c3adbdcc87f7b7777107226532a077f61c
  RxAlamofire: beb75a1c452d0de225651db4903f5d29d034a620
  RxBlocking: 602095fba0bce7b16b56ccec89edf780c248b7d9
  RxCocoa: 5c51f02d562cbd94629f6c26cf0c80fe4ab8d343
  RxGesture: f059f2aeef966fb17dad56ee440e76410f10e55f
  RxRealm: bd7c601e78cfebe48c24d4550db83c31e1ab2c33
  RxRelay: 483e1a19fad961b41f0b0c0bee506f46c1ae14fe
  RxSwift: a834e5c538e89eca0cae86f403f4fbf0336786ce
  RxSwiftExt: d61c4b9b06e0a448041b1c659e0f1b5c5a035afc
  RxTest: 9d26616eaff4a7e75f4ecae9b2c24840f2e8218d
  Swinject: ddf78b8486dd9b71a667b852cad919ab4484478e
  SwinjectStoryboard: f0d5b1c16459949d6ff1cbb6610107946b18e1f8

PODFILE CHECKSUM: 3b08cdb239c0fafdceecd8cc68201b620a19897a

COCOAPODS: 1.10.1
